// !$*UTF8*$!
{
	archiveVersion = 1;
	classes = {
	};
	objectVersion = 55;
	objects = {

/* Begin PBXBuildFile section */
		5367FFB3275BB8F1006477BE /* AppDelegate.swift in Sources */ = {isa = PBXBuildFile; fileRef = 5367FFB2275BB8F1006477BE /* AppDelegate.swift */; };
		5367FFB5275BB8F1006477BE /* SceneDelegate.swift in Sources */ = {isa = PBXBuildFile; fileRef = 5367FFB4275BB8F1006477BE /* SceneDelegate.swift */; };
		5367FFB7275BB8F1006477BE /* ViewController.swift in Sources */ = {isa = PBXBuildFile; fileRef = 5367FFB6275BB8F1006477BE /* ViewController.swift */; };
		5367FFBA275BB8F1006477BE /* Main.storyboard in Resources */ = {isa = PBXBuildFile; fileRef = 5367FFB8275BB8F1006477BE /* Main.storyboard */; };
		5367FFBC275BB8F2006477BE /* Assets.xcassets in Resources */ = {isa = PBXBuildFile; fileRef = 5367FFBB275BB8F2006477BE /* Assets.xcassets */; };
		5367FFBF275BB8F2006477BE /* LaunchScreen.storyboard in Resources */ = {isa = PBXBuildFile; fileRef = 5367FFBD275BB8F2006477BE /* LaunchScreen.storyboard */; };
		53D3771C275D994E0051762B /* SelectViewController.swift in Sources */ = {isa = PBXBuildFile; fileRef = 53D3771B275D994E0051762B /* SelectViewController.swift */; };
		78A4B5556434E1A0267A1761 /* Pods_HIROAKIKadai9.framework in Frameworks */ = {isa = PBXBuildFile; fileRef = 40E4B347069EA782B13F38FC /* Pods_HIROAKIKadai9.framework */; };
/* End PBXBuildFile section */

/* Begin PBXFileReference section */
		390868486EC3BF18F80139DD /* Pods-HIROAKIKadai9.release.xcconfig */ = {isa = PBXFileReference; includeInIndex = 1; lastKnownFileType = text.xcconfig; name = "Pods-HIROAKIKadai9.release.xcconfig"; path = "Target Support Files/Pods-HIROAKIKadai9/Pods-HIROAKIKadai9.release.xcconfig"; sourceTree = "<group>"; };
		3D8FCB6B79EA09E134963D05 /* Pods-HIROAKIKadai9.debug.xcconfig */ = {isa = PBXFileReference; includeInIndex = 1; lastKnownFileType = text.xcconfig; name = "Pods-HIROAKIKadai9.debug.xcconfig"; path = "Target Support Files/Pods-HIROAKIKadai9/Pods-HIROAKIKadai9.debug.xcconfig"; sourceTree = "<group>"; };
		40E4B347069EA782B13F38FC /* Pods_HIROAKIKadai9.framework */ = {isa = PBXFileReference; explicitFileType = wrapper.framework; includeInIndex = 0; path = Pods_HIROAKIKadai9.framework; sourceTree = BUILT_PRODUCTS_DIR; };
		5367FFAF275BB8F0006477BE /* HIROAKIKadai9.app */ = {isa = PBXFileReference; explicitFileType = wrapper.application; includeInIndex = 0; path = HIROAKIKadai9.app; sourceTree = BUILT_PRODUCTS_DIR; };
		5367FFB2275BB8F1006477BE /* AppDelegate.swift */ = {isa = PBXFileReference; lastKnownFileType = sourcecode.swift; path = AppDelegate.swift; sourceTree = "<group>"; };
		5367FFB4275BB8F1006477BE /* SceneDelegate.swift */ = {isa = PBXFileReference; lastKnownFileType = sourcecode.swift; path = SceneDelegate.swift; sourceTree = "<group>"; };
		5367FFB6275BB8F1006477BE /* ViewController.swift */ = {isa = PBXFileReference; lastKnownFileType = sourcecode.swift; path = ViewController.swift; sourceTree = "<group>"; };
		5367FFB9275BB8F1006477BE /* Base */ = {isa = PBXFileReference; lastKnownFileType = file.storyboard; name = Base; path = Base.lproj/Main.storyboard; sourceTree = "<group>"; };
		5367FFBB275BB8F2006477BE /* Assets.xcassets */ = {isa = PBXFileReference; lastKnownFileType = folder.assetcatalog; path = Assets.xcassets; sourceTree = "<group>"; };
		5367FFBE275BB8F2006477BE /* Base */ = {isa = PBXFileReference; lastKnownFileType = file.storyboard; name = Base; path = Base.lproj/LaunchScreen.storyboard; sourceTree = "<group>"; };
		5367FFC0275BB8F2006477BE /* Info.plist */ = {isa = PBXFileReference; lastKnownFileType = text.plist.xml; path = Info.plist; sourceTree = "<group>"; };
		53D3771B275D994E0051762B /* SelectViewController.swift */ = {isa = PBXFileReference; lastKnownFileType = sourcecode.swift; path = SelectViewController.swift; sourceTree = "<group>"; };
/* End PBXFileReference section */

/* Begin PBXFrameworksBuildPhase section */
		5367FFAC275BB8F0006477BE /* Frameworks */ = {
			isa = PBXFrameworksBuildPhase;
			buildActionMask = 2147483647;
			files = (
				78A4B5556434E1A0267A1761 /* Pods_HIROAKIKadai9.framework in Frameworks */,
			);
			runOnlyForDeploymentPostprocessing = 0;
		};
/* End PBXFrameworksBuildPhase section */

/* Begin PBXGroup section */
		5367FFA6275BB8F0006477BE = {
			isa = PBXGroup;
			children = (
				5367FFB1275BB8F0006477BE /* HIROAKIKadai9 */,
				5367FFB0275BB8F0006477BE /* Products */,
				A8A53BE1A8BD7145B208E3AB /* Pods */,
				83ACEBDE22D1267B36FE9734 /* Frameworks */,
			);
			sourceTree = "<group>";
		};
		5367FFB0275BB8F0006477BE /* Products */ = {
			isa = PBXGroup;
			children = (
				5367FFAF275BB8F0006477BE /* HIROAKIKadai9.app */,
			);
			name = Products;
			sourceTree = "<group>";
		};
		5367FFB1275BB8F0006477BE /* HIROAKIKadai9 */ = {
			isa = PBXGroup;
			children = (
				5367FFB2275BB8F1006477BE /* AppDelegate.swift */,
				5367FFB4275BB8F1006477BE /* SceneDelegate.swift */,
				5367FFB6275BB8F1006477BE /* ViewController.swift */,
				53D3771B275D994E0051762B /* SelectViewController.swift */,
				5367FFB8275BB8F1006477BE /* Main.storyboard */,
				5367FFBB275BB8F2006477BE /* Assets.xcassets */,
				5367FFBD275BB8F2006477BE /* LaunchScreen.storyboard */,
				5367FFC0275BB8F2006477BE /* Info.plist */,
			);
			path = HIROAKIKadai9;
			sourceTree = "<group>";
		};
		83ACEBDE22D1267B36FE9734 /* Frameworks */ = {
			isa = PBXGroup;
			children = (
				40E4B347069EA782B13F38FC /* Pods_HIROAKIKadai9.framework */,
			);
			name = Frameworks;
			sourceTree = "<group>";
		};
		A8A53BE1A8BD7145B208E3AB /* Pods */ = {
			isa = PBXGroup;
			children = (
				3D8FCB6B79EA09E134963D05 /* Pods-HIROAKIKadai9.debug.xcconfig */,
				390868486EC3BF18F80139DD /* Pods-HIROAKIKadai9.release.xcconfig */,
			);
			path = Pods;
			sourceTree = "<group>";
		};
/* End PBXGroup section */

/* Begin PBXNativeTarget section */
		5367FFAE275BB8F0006477BE /* HIROAKIKadai9 */ = {
			isa = PBXNativeTarget;
			buildConfigurationList = 5367FFC3275BB8F2006477BE /* Build configuration list for PBXNativeTarget "HIROAKIKadai9" */;
			buildPhases = (
				E9CD75AA81538CF2B64D9FEC /* [CP] Check Pods Manifest.lock */,
				5367FFAB275BB8F0006477BE /* Sources */,
				5367FFAC275BB8F0006477BE /* Frameworks */,
				5367FFAD275BB8F0006477BE /* Resources */,
				5367FFC6275BB97C006477BE /* ShellScript */,
			);
			buildRules = (
			);
			dependencies = (
			);
			name = HIROAKIKadai9;
			productName = HIROAKIKadai9;
			productReference = 5367FFAF275BB8F0006477BE /* HIROAKIKadai9.app */;
			productType = "com.apple.product-type.application";
		};
/* End PBXNativeTarget section */

/* Begin PBXProject section */
		5367FFA7275BB8F0006477BE /* Project object */ = {
			isa = PBXProject;
			attributes = {
				BuildIndependentTargetsInParallel = 1;
				LastSwiftUpdateCheck = 1310;
				LastUpgradeCheck = 1310;
				TargetAttributes = {
					5367FFAE275BB8F0006477BE = {
						CreatedOnToolsVersion = 13.1;
					};
				};
			};
			buildConfigurationList = 5367FFAA275BB8F0006477BE /* Build configuration list for PBXProject "HIROAKIKadai9" */;
			compatibilityVersion = "Xcode 13.0";
			developmentRegion = en;
			hasScannedForEncodings = 0;
			knownRegions = (
				en,
				Base,
			);
			mainGroup = 5367FFA6275BB8F0006477BE;
			productRefGroup = 5367FFB0275BB8F0006477BE /* Products */;
			projectDirPath = "";
			projectRoot = "";
			targets = (
				5367FFAE275BB8F0006477BE /* HIROAKIKadai9 */,
			);
		};
/* End PBXProject section */

/* Begin PBXResourcesBuildPhase section */
		5367FFAD275BB8F0006477BE /* Resources */ = {
			isa = PBXResourcesBuildPhase;
			buildActionMask = 2147483647;
			files = (
				5367FFBF275BB8F2006477BE /* LaunchScreen.storyboard in Resources */,
				5367FFBC275BB8F2006477BE /* Assets.xcassets in Resources */,
				5367FFBA275BB8F1006477BE /* Main.storyboard in Resources */,
			);
			runOnlyForDeploymentPostprocessing = 0;
		};
/* End PBXResourcesBuildPhase section */

/* Begin PBXShellScriptBuildPhase section */
		5367FFC6275BB97C006477BE /* ShellScript */ = {
			isa = PBXShellScriptBuildPhase;
			buildActionMask = 2147483647;
			files = (
			);
			inputFileListPaths = (
			);
			inputPaths = (
			);
			outputFileListPaths = (
			);
			outputPaths = (
			);
			runOnlyForDeploymentPostprocessing = 0;
			shellPath = /bin/sh;
			shellScript = "if which \"${PODS_ROOT}/SwiftLint/swiftlint\" >/dev/null; then\n${PODS_ROOT}/SwiftLint/swiftlint\nelse\necho \"warning: SwiftLint not installed, download from https://github.com/realm/SwiftLint\"\nfi\n";
		};
		E9CD75AA81538CF2B64D9FEC /* [CP] Check Pods Manifest.lock */ = {
			isa = PBXShellScriptBuildPhase;
			buildActionMask = 2147483647;
			files = (
			);
			inputFileListPaths = (
			);
			inputPaths = (
				"${PODS_PODFILE_DIR_PATH}/Podfile.lock",
				"${PODS_ROOT}/Manifest.lock",
			);
			name = "[CP] Check Pods Manifest.lock";
			outputFileListPaths = (
			);
			outputPaths = (
				"$(DERIVED_FILE_DIR)/Pods-HIROAKIKadai9-checkManifestLockResult.txt",
			);
			runOnlyForDeploymentPostprocessing = 0;
			shellPath = /bin/sh;
			shellScript = "diff \"${PODS_PODFILE_DIR_PATH}/Podfile.lock\" \"${PODS_ROOT}/Manifest.lock\" > /dev/null\nif [ $? != 0 ] ; then\n    # print error to STDERR\n    echo \"error: The sandbox is not in sync with the Podfile.lock. Run 'pod install' or update your CocoaPods installation.\" >&2\n    exit 1\nfi\n# This output is used by Xcode 'outputs' to avoid re-running this script phase.\necho \"SUCCESS\" > \"${SCRIPT_OUTPUT_FILE_0}\"\n";
			showEnvVarsInLog = 0;
		};
/* End PBXShellScriptBuildPhase section */

/* Begin PBXSourcesBuildPhase section */
		5367FFAB275BB8F0006477BE /* Sources */ = {
			isa = PBXSourcesBuildPhase;
			buildActionMask = 2147483647;
			files = (
				53D3771C275D994E0051762B /* SelectViewController.swift in Sources */,
				5367FFB7275BB8F1006477BE /* ViewController.swift in Sources */,
				5367FFB3275BB8F1006477BE /* AppDelegate.swift in Sources */,
				5367FFB5275BB8F1006477BE /* SceneDelegate.swift in Sources */,
			);
			runOnlyForDeploymentPostprocessing = 0;
		};
/* End PBXSourcesBuildPhase section */

/* Begin PBXVariantGroup section */
		5367FFB8275BB8F1006477BE /* Main.storyboard */ = {
			isa = PBXVariantGroup;
			children = (
				5367FFB9275BB8F1006477BE /* Base */,
			);
			name = Main.storyboard;
			sourceTree = "<group>";
		};
		5367FFBD275BB8F2006477BE /* LaunchScreen.storyboard */ = {
			isa = PBXVariantGroup;
			children = (
				5367FFBE275BB8F2006477BE /* Base */,
			);
			name = LaunchScreen.storyboard;
			sourceTree = "<group>";
		};
/* End PBXVariantGroup section */

/* Begin XCBuildConfiguration section */
		5367FFC1275BB8F2006477BE /* Debug */ = {
			isa = XCBuildConfiguration;
			buildSettings = {
				ALWAYS_SEARCH_USER_PATHS = NO;
				CLANG_ANALYZER_NONNULL = YES;
				CLANG_ANALYZER_NUMBER_OBJECT_CONVERSION = YES_AGGRESSIVE;
				CLANG_CXX_LANGUAGE_STANDARD = "gnu++17";
				CLANG_CXX_LIBRARY = "libc++";
				CLANG_ENABLE_MODULES = YES;
				CLANG_ENABLE_OBJC_ARC = YES;
				CLANG_ENABLE_OBJC_WEAK = YES;
				CLANG_WARN_BLOCK_CAPTURE_AUTORELEASING = YES;
				CLANG_WARN_BOOL_CONVERSION = YES;
				CLANG_WARN_COMMA = YES;
				CLANG_WARN_CONSTANT_CONVERSION = YES;
				CLANG_WARN_DEPRECATED_OBJC_IMPLEMENTATIONS = YES;
				CLANG_WARN_DIRECT_OBJC_ISA_USAGE = YES_ERROR;
				CLANG_WARN_DOCUMENTATION_COMMENTS = YES;
				CLANG_WARN_EMPTY_BODY = YES;
				CLANG_WARN_ENUM_CONVERSION = YES;
				CLANG_WARN_INFINITE_RECURSION = YES;
				CLANG_WARN_INT_CONVERSION = YES;
				CLANG_WARN_NON_LITERAL_NULL_CONVERSION = YES;
				CLANG_WARN_OBJC_IMPLICIT_RETAIN_SELF = YES;
				CLANG_WARN_OBJC_LITERAL_CONVERSION = YES;
				CLANG_WARN_OBJC_ROOT_CLASS = YES_ERROR;
				CLANG_WARN_QUOTED_INCLUDE_IN_FRAMEWORK_HEADER = YES;
				CLANG_WARN_RANGE_LOOP_ANALYSIS = YES;
				CLANG_WARN_STRICT_PROTOTYPES = YES;
				CLANG_WARN_SUSPICIOUS_MOVE = YES;
				CLANG_WARN_UNGUARDED_AVAILABILITY = YES_AGGRESSIVE;
				CLANG_WARN_UNREACHABLE_CODE = YES;
				CLANG_WARN__DUPLICATE_METHOD_MATCH = YES;
				COPY_PHASE_STRIP = NO;
				DEBUG_INFORMATION_FORMAT = dwarf;
				ENABLE_STRICT_OBJC_MSGSEND = YES;
				ENABLE_TESTABILITY = YES;
				GCC_C_LANGUAGE_STANDARD = gnu11;
				GCC_DYNAMIC_NO_PIC = NO;
				GCC_NO_COMMON_BLOCKS = YES;
				GCC_OPTIMIZATION_LEVEL = 0;
				GCC_PREPROCESSOR_DEFINITIONS = (
					"DEBUG=1",
					"$(inherited)",
				);
				GCC_WARN_64_TO_32_BIT_CONVERSION = YES;
				GCC_WARN_ABOUT_RETURN_TYPE = YES_ERROR;
				GCC_WARN_UNDECLARED_SELECTOR = YES;
				GCC_WARN_UNINITIALIZED_AUTOS = YES_AGGRESSIVE;
				GCC_WARN_UNUSED_FUNCTION = YES;
				GCC_WARN_UNUSED_VARIABLE = YES;
				IPHONEOS_DEPLOYMENT_TARGET = 15.0;
				MTL_ENABLE_DEBUG_INFO = INCLUDE_SOURCE;
				MTL_FAST_MATH = YES;
				ONLY_ACTIVE_ARCH = YES;
				SDKROOT = iphoneos;
				SWIFT_ACTIVE_COMPILATION_CONDITIONS = DEBUG;
				SWIFT_OPTIMIZATION_LEVEL = "-Onone";
			};
			name = Debug;
		};
		5367FFC2275BB8F2006477BE /* Release */ = {
			isa = XCBuildConfiguration;
			buildSettings = {
				ALWAYS_SEARCH_USER_PATHS = NO;
				CLANG_ANALYZER_NONNULL = YES;
				CLANG_ANALYZER_NUMBER_OBJECT_CONVERSION = YES_AGGRESSIVE;
				CLANG_CXX_LANGUAGE_STANDARD = "gnu++17";
				CLANG_CXX_LIBRARY = "libc++";
				CLANG_ENABLE_MODULES = YES;
				CLANG_ENABLE_OBJC_ARC = YES;
				CLANG_ENABLE_OBJC_WEAK = YES;
				CLANG_WARN_BLOCK_CAPTURE_AUTORELEASING = YES;
				CLANG_WARN_BOOL_CONVERSION = YES;
				CLANG_WARN_COMMA = YES;
				CLANG_WARN_CONSTANT_CONVERSION = YES;
				CLANG_WARN_DEPRECATED_OBJC_IMPLEMENTATIONS = YES;
				CLANG_WARN_DIRECT_OBJC_ISA_USAGE = YES_ERROR;
				CLANG_WARN_DOCUMENTATION_COMMENTS = YES;
				CLANG_WARN_EMPTY_BODY = YES;
				CLANG_WARN_ENUM_CONVERSION = YES;
				CLANG_WARN_INFINITE_RECURSION = YES;
				CLANG_WARN_INT_CONVERSION = YES;
				CLANG_WARN_NON_LITERAL_NULL_CONVERSION = YES;
				CLANG_WARN_OBJC_IMPLICIT_RETAIN_SELF = YES;
				CLANG_WARN_OBJC_LITERAL_CONVERSION = YES;
				CLANG_WARN_OBJC_ROOT_CLASS = YES_ERROR;
				CLANG_WARN_QUOTED_INCLUDE_IN_FRAMEWORK_HEADER = YES;
				CLANG_WARN_RANGE_LOOP_ANALYSIS = YES;
				CLANG_WARN_STRICT_PROTOTYPES = YES;
				CLANG_WARN_SUSPICIOUS_MOVE = YES;
				CLANG_WARN_UNGUARDED_AVAILABILITY = YES_AGGRESSIVE;
				CLANG_WARN_UNREACHABLE_CODE = YES;
				CLANG_WARN__DUPLICATE_METHOD_MATCH = YES;
				COPY_PHASE_STRIP = NO;
				DEBUG_INFORMATION_FORMAT = "dwarf-with-dsym";
				ENABLE_NS_ASSERTIONS = NO;
				ENABLE_STRICT_OBJC_MSGSEND = YES;
				GCC_C_LANGUAGE_STANDARD = gnu11;
				GCC_NO_COMMON_BLOCKS = YES;
				GCC_WARN_64_TO_32_BIT_CONVERSION = YES;
				GCC_WARN_ABOUT_RETURN_TYPE = YES_ERROR;
				GCC_WARN_UNDECLARED_SELECTOR = YES;
				GCC_WARN_UNINITIALIZED_AUTOS = YES_AGGRESSIVE;
				GCC_WARN_UNUSED_FUNCTION = YES;
				GCC_WARN_UNUSED_VARIABLE = YES;
				IPHONEOS_DEPLOYMENT_TARGET = 15.0;
				MTL_ENABLE_DEBUG_INFO = NO;
				MTL_FAST_MATH = YES;
				SDKROOT = iphoneos;
				SWIFT_COMPILATION_MODE = wholemodule;
				SWIFT_OPTIMIZATION_LEVEL = "-O";
				VALIDATE_PRODUCT = YES;
			};
			name = Release;
		};
		5367FFC4275BB8F2006477BE /* Debug */ = {
			isa = XCBuildConfiguration;
			baseConfigurationReference = 3D8FCB6B79EA09E134963D05 /* Pods-HIROAKIKadai9.debug.xcconfig */;
			buildSettings = {
				ASSETCATALOG_COMPILER_APPICON_NAME = AppIcon;
				ASSETCATALOG_COMPILER_GLOBAL_ACCENT_COLOR_NAME = AccentColor;
				CODE_SIGN_STYLE = Automatic;
				CURRENT_PROJECT_VERSION = 1;
				DEVELOPMENT_TEAM = X5LBWH4CYQ;
				GENERATE_INFOPLIST_FILE = YES;
				INFOPLIST_FILE = HIROAKIKadai9/Info.plist;
				INFOPLIST_KEY_UIApplicationSupportsIndirectInputEvents = YES;
				INFOPLIST_KEY_UILaunchStoryboardName = LaunchScreen;
				INFOPLIST_KEY_UIMainStoryboardFile = Main;
				INFOPLIST_KEY_UISupportedInterfaceOrientations_iPad = "UIInterfaceOrientationPortrait UIInterfaceOrientationPortraitUpsideDown UIInterfaceOrientationLandscapeLeft UIInterfaceOrientationLandscapeRight";
				INFOPLIST_KEY_UISupportedInterfaceOrientations_iPhone = "UIInterfaceOrientationPortrait UIInterfaceOrientationLandscapeLeft UIInterfaceOrientationLandscapeRight";
				LD_RUNPATH_SEARCH_PATHS = (
					"$(inherited)",
					"@executable_path/Frameworks",
				);
				MARKETING_VERSION = 1.0;
				PRODUCT_BUNDLE_IDENTIFIER = com.hiroakiapp.HIROAKIKadai9;
				PRODUCT_NAME = "$(TARGET_NAME)";
				SWIFT_EMIT_LOC_STRINGS = YES;
				SWIFT_VERSION = 5.0;
				TARGETED_DEVICE_FAMILY = "1,2";
			};
			name = Debug;
		};
		5367FFC5275BB8F2006477BE /* Release */ = {
			isa = XCBuildConfiguration;
			baseConfigurationReference = 390868486EC3BF18F80139DD /* Pods-HIROAKIKadai9.release.xcconfig */;
			buildSettings = {
				ASSETCATALOG_COMPILER_APPICON_NAME = AppIcon;
				ASSETCATALOG_COMPILER_GLOBAL_ACCENT_COLOR_NAME = AccentColor;
				CODE_SIGN_STYLE = Automatic;
				CURRENT_PROJECT_VERSION = 1;
				DEVELOPMENT_TEAM = X5LBWH4CYQ;
				GENERATE_INFOPLIST_FILE = YES;
				INFOPLIST_FILE = HIROAKIKadai9/Info.plist;
				INFOPLIST_KEY_UIApplicationSupportsIndirectInputEvents = YES;
				INFOPLIST_KEY_UILaunchStoryboardName = LaunchScreen;
				INFOPLIST_KEY_UIMainStoryboardFile = Main;
				INFOPLIST_KEY_UISupportedInterfaceOrientations_iPad = "UIInterfaceOrientationPortrait UIInterfaceOrientationPortraitUpsideDown UIInterfaceOrientationLandscapeLeft UIInterfaceOrientationLandscapeRight";
				INFOPLIST_KEY_UISupportedInterfaceOrientations_iPhone = "UIInterfaceOrientationPortrait UIInterfaceOrientationLandscapeLeft UIInterfaceOrientationLandscapeRight";
				LD_RUNPATH_SEARCH_PATHS = (
					"$(inherited)",
					"@executable_path/Frameworks",
				);
				MARKETING_VERSION = 1.0;
				PRODUCT_BUNDLE_IDENTIFIER = com.hiroakiapp.HIROAKIKadai9;
				PRODUCT_NAME = "$(TARGET_NAME)";
				SWIFT_EMIT_LOC_STRINGS = YES;
				SWIFT_VERSION = 5.0;
				TARGETED_DEVICE_FAMILY = "1,2";
			};
			name = Release;
		};
/* End XCBuildConfiguration section */

/* Begin XCConfigurationList section */
		5367FFAA275BB8F0006477BE /* Build configuration list for PBXProject "HIROAKIKadai9" */ = {
			isa = XCConfigurationList;
			buildConfigurations = (
				5367FFC1275BB8F2006477BE /* Debug */,
				5367FFC2275BB8F2006477BE /* Release */,
			);
			defaultConfigurationIsVisible = 0;
			defaultConfigurationName = Release;
		};
		5367FFC3275BB8F2006477BE /* Build configuration list for PBXNativeTarget "HIROAKIKadai9" */ = {
			isa = XCConfigurationList;
			buildConfigurations = (
				5367FFC4275BB8F2006477BE /* Debug */,
				5367FFC5275BB8F2006477BE /* Release */,
			);
			defaultConfigurationIsVisible = 0;
			defaultConfigurationName = Release;
		};
/* End XCConfigurationList section */
	};
	rootObject = 5367FFA7275BB8F0006477BE /* Project object */;
}
